
Microsoft Visual Studio Solution File, Format Version 12.00
# Visual Studio 14
VisualStudioVersion = 14.0.25123.0
MinimumVisualStudioVersion = 10.0.40219.1
Project("{A07B5EB6-E848-4116-A8D0-A826331D98C6}") = "StateManagementService", "StateManagementService\StateManagementService.sfproj", "{2C5B36CA-FB8B-4BD9-B88D-A3F842D002BA}"
	ProjectSection(ProjectDependencies) = postProject
		{091B2A18-AB32-44C6-ACDB-E15CF2A2E846} = {091B2A18-AB32-44C6-ACDB-E15CF2A2E846}
	EndProjectSection
EndProject
Project("{FAE04EC0-301F-11D3-BF4B-00C04F79EFBC}") = "StateManagementServiceWebAPI", "StateManagementServiceWebAPI\StateManagementServiceWebAPI.csproj", "{064DE854-AC34-40A5-907B-7F6560E017F7}"
EndProject
Project("{FAE04EC0-301F-11D3-BF4B-00C04F79EFBC}") = "StateProcessorService", "StateProcessorService\StateProcessorService.csproj", "{39B6E54D-BA52-40E1-AD98-C7B69813799F}"
EndProject
Project("{FAE04EC0-301F-11D3-BF4B-00C04F79EFBC}") = "DeviceState", "DeviceState\DeviceState.csproj", "{D6706CD2-ADF0-4A40-AE5B-02827DDE5316}"
EndProject
Project("{FAE04EC0-301F-11D3-BF4B-00C04F79EFBC}") = "DeviceRepository", "DeviceRepository\DeviceRepository.csproj", "{42CA8E4E-4488-4E3F-9A4A-CF8BD2E262F1}"
EndProject
Project("{FAE04EC0-301F-11D3-BF4B-00C04F79EFBC}") = "DeviceRepository.Interfaces", "DeviceRepository.Interfaces\DeviceRepository.Interfaces.csproj", "{DFD18739-57CE-4786-8F69-EAE4765BE373}"
EndProject
Project("{FAE04EC0-301F-11D3-BF4B-00C04F79EFBC}") = "ActorTestConsoleApplication", "ActorTestConsoleApplication\ActorTestConsoleApplication.csproj", "{4F7F2FDF-F42F-474B-A0E2-CBBC9CF2AFB9}"
EndProject
Project("{FAE04EC0-301F-11D3-BF4B-00C04F79EFBC}") = "CommunicationProviders", "CommunicationProviders\CommunicationProviders.csproj", "{091B2A18-AB32-44C6-ACDB-E15CF2A2E846}"
EndProject
Global
	GlobalSection(SolutionConfigurationPlatforms) = preSolution
		Debug|Any CPU = Debug|Any CPU
		Debug|x64 = Debug|x64
		Release|Any CPU = Release|Any CPU
		Release|x64 = Release|x64
	EndGlobalSection
	GlobalSection(ProjectConfigurationPlatforms) = postSolution
		{2C5B36CA-FB8B-4BD9-B88D-A3F842D002BA}.Debug|Any CPU.ActiveCfg = Debug|x64
		{2C5B36CA-FB8B-4BD9-B88D-A3F842D002BA}.Debug|Any CPU.Build.0 = Debug|x64
		{2C5B36CA-FB8B-4BD9-B88D-A3F842D002BA}.Debug|Any CPU.Deploy.0 = Debug|x64
		{2C5B36CA-FB8B-4BD9-B88D-A3F842D002BA}.Debug|x64.ActiveCfg = Debug|x64
		{2C5B36CA-FB8B-4BD9-B88D-A3F842D002BA}.Debug|x64.Build.0 = Debug|x64
		{2C5B36CA-FB8B-4BD9-B88D-A3F842D002BA}.Debug|x64.Deploy.0 = Debug|x64
		{2C5B36CA-FB8B-4BD9-B88D-A3F842D002BA}.Release|Any CPU.ActiveCfg = Release|x64
		{2C5B36CA-FB8B-4BD9-B88D-A3F842D002BA}.Release|x64.ActiveCfg = Release|x64
		{2C5B36CA-FB8B-4BD9-B88D-A3F842D002BA}.Release|x64.Build.0 = Release|x64
		{2C5B36CA-FB8B-4BD9-B88D-A3F842D002BA}.Release|x64.Deploy.0 = Release|x64
		{064DE854-AC34-40A5-907B-7F6560E017F7}.Debug|Any CPU.ActiveCfg = Debug|x64
		{064DE854-AC34-40A5-907B-7F6560E017F7}.Debug|Any CPU.Build.0 = Debug|x64
		{064DE854-AC34-40A5-907B-7F6560E017F7}.Debug|x64.ActiveCfg = Debug|x64
		{064DE854-AC34-40A5-907B-7F6560E017F7}.Debug|x64.Build.0 = Debug|x64
		{064DE854-AC34-40A5-907B-7F6560E017F7}.Release|Any CPU.ActiveCfg = Release|x64
		{064DE854-AC34-40A5-907B-7F6560E017F7}.Release|x64.ActiveCfg = Release|x64
		{064DE854-AC34-40A5-907B-7F6560E017F7}.Release|x64.Build.0 = Release|x64
		{39B6E54D-BA52-40E1-AD98-C7B69813799F}.Debug|Any CPU.ActiveCfg = Debug|x64
		{39B6E54D-BA52-40E1-AD98-C7B69813799F}.Debug|Any CPU.Build.0 = Debug|x64
		{39B6E54D-BA52-40E1-AD98-C7B69813799F}.Debug|x64.ActiveCfg = Debug|x64
		{39B6E54D-BA52-40E1-AD98-C7B69813799F}.Debug|x64.Build.0 = Debug|x64
		{39B6E54D-BA52-40E1-AD98-C7B69813799F}.Release|Any CPU.ActiveCfg = Release|x64
		{39B6E54D-BA52-40E1-AD98-C7B69813799F}.Release|x64.ActiveCfg = Release|x64
		{39B6E54D-BA52-40E1-AD98-C7B69813799F}.Release|x64.Build.0 = Release|x64
		{D6706CD2-ADF0-4A40-AE5B-02827DDE5316}.Debug|Any CPU.ActiveCfg = Debug|Any CPU
		{D6706CD2-ADF0-4A40-AE5B-02827DDE5316}.Debug|Any CPU.Build.0 = Debug|Any CPU
		{D6706CD2-ADF0-4A40-AE5B-02827DDE5316}.Debug|x64.ActiveCfg = Debug|Any CPU
		{D6706CD2-ADF0-4A40-AE5B-02827DDE5316}.Debug|x64.Build.0 = Debug|Any CPU
		{D6706CD2-ADF0-4A40-AE5B-02827DDE5316}.Release|Any CPU.ActiveCfg = Release|Any CPU
		{D6706CD2-ADF0-4A40-AE5B-02827DDE5316}.Release|Any CPU.Build.0 = Release|Any CPU
		{D6706CD2-ADF0-4A40-AE5B-02827DDE5316}.Release|x64.ActiveCfg = Release|Any CPU
		{D6706CD2-ADF0-4A40-AE5B-02827DDE5316}.Release|x64.Build.0 = Release|Any CPU
		{42CA8E4E-4488-4E3F-9A4A-CF8BD2E262F1}.Debug|Any CPU.ActiveCfg = Debug|x64
		{42CA8E4E-4488-4E3F-9A4A-CF8BD2E262F1}.Debug|Any CPU.Build.0 = Debug|x64
		{42CA8E4E-4488-4E3F-9A4A-CF8BD2E262F1}.Debug|x64.ActiveCfg = Debug|x64
		{42CA8E4E-4488-4E3F-9A4A-CF8BD2E262F1}.Debug|x64.Build.0 = Debug|x64
		{42CA8E4E-4488-4E3F-9A4A-CF8BD2E262F1}.Release|Any CPU.ActiveCfg = Release|x64
		{42CA8E4E-4488-4E3F-9A4A-CF8BD2E262F1}.Release|x64.ActiveCfg = Release|x64
		{42CA8E4E-4488-4E3F-9A4A-CF8BD2E262F1}.Release|x64.Build.0 = Release|x64
		{DFD18739-57CE-4786-8F69-EAE4765BE373}.Debug|Any CPU.ActiveCfg = Debug|x64
		{DFD18739-57CE-4786-8F69-EAE4765BE373}.Debug|Any CPU.Build.0 = Debug|x64
		{DFD18739-57CE-4786-8F69-EAE4765BE373}.Debug|x64.ActiveCfg = Debug|x64
		{DFD18739-57CE-4786-8F69-EAE4765BE373}.Debug|x64.Build.0 = Debug|x64
		{DFD18739-57CE-4786-8F69-EAE4765BE373}.Release|Any CPU.ActiveCfg = Release|x64
		{DFD18739-57CE-4786-8F69-EAE4765BE373}.Release|x64.ActiveCfg = Release|x64
		{DFD18739-57CE-4786-8F69-EAE4765BE373}.Release|x64.Build.0 = Release|x64
		{4F7F2FDF-F42F-474B-A0E2-CBBC9CF2AFB9}.Debug|Any CPU.ActiveCfg = Debug|Any CPU
		{4F7F2FDF-F42F-474B-A0E2-CBBC9CF2AFB9}.Debug|Any CPU.Build.0 = Debug|Any CPU
		{4F7F2FDF-F42F-474B-A0E2-CBBC9CF2AFB9}.Debug|x64.ActiveCfg = Debug|Any CPU
		{4F7F2FDF-F42F-474B-A0E2-CBBC9CF2AFB9}.Debug|x64.Build.0 = Debug|Any CPU
		{4F7F2FDF-F42F-474B-A0E2-CBBC9CF2AFB9}.Release|Any CPU.ActiveCfg = Release|Any CPU
		{4F7F2FDF-F42F-474B-A0E2-CBBC9CF2AFB9}.Release|Any CPU.Build.0 = Release|Any CPU
		{4F7F2FDF-F42F-474B-A0E2-CBBC9CF2AFB9}.Release|x64.ActiveCfg = Release|Any CPU
		{4F7F2FDF-F42F-474B-A0E2-CBBC9CF2AFB9}.Release|x64.Build.0 = Release|Any CPU
		{091B2A18-AB32-44C6-ACDB-E15CF2A2E846}.Debug|Any CPU.ActiveCfg = Debug|Any CPU
		{091B2A18-AB32-44C6-ACDB-E15CF2A2E846}.Debug|Any CPU.Build.0 = Debug|Any CPU
		{091B2A18-AB32-44C6-ACDB-E15CF2A2E846}.Debug|x64.ActiveCfg = Debug|Any CPU
		{091B2A18-AB32-44C6-ACDB-E15CF2A2E846}.Debug|x64.Build.0 = Debug|Any CPU
		{091B2A18-AB32-44C6-ACDB-E15CF2A2E846}.Release|Any CPU.ActiveCfg = Release|Any CPU
		{091B2A18-AB32-44C6-ACDB-E15CF2A2E846}.Release|Any CPU.Build.0 = Release|Any CPU
		{091B2A18-AB32-44C6-ACDB-E15CF2A2E846}.Release|x64.ActiveCfg = Release|Any CPU
		{091B2A18-AB32-44C6-ACDB-E15CF2A2E846}.Release|x64.Build.0 = Release|Any CPU
	EndGlobalSection
	GlobalSection(SolutionProperties) = preSolution
		HideSolutionNode = FALSE
	EndGlobalSection
EndGlobal
