
Microsoft Visual Studio Solution File, Format Version 12.00
# Visual Studio 14
VisualStudioVersion = 14.0.25420.1
MinimumVisualStudioVersion = 10.0.40219.1
Project("{A07B5EB6-E848-4116-A8D0-A826331D98C6}") = "StateManagementService", "StateManagementService\StateManagementService.sfproj", "{2C5B36CA-FB8B-4BD9-B88D-A3F842D002BA}"
	ProjectSection(ProjectDependencies) = postProject
		{091B2A18-AB32-44C6-ACDB-E15CF2A2E846} = {091B2A18-AB32-44C6-ACDB-E15CF2A2E846}
	EndProjectSection
EndProject
Project("{FAE04EC0-301F-11D3-BF4B-00C04F79EFBC}") = "StateManagementServiceWebAPI", "StateManagementServiceWebAPI\StateManagementServiceWebAPI.csproj", "{064DE854-AC34-40A5-907B-7F6560E017F7}"
	ProjectSection(ProjectDependencies) = postProject
		{18F7DB3A-4AB9-4279-8160-BB7004373129} = {18F7DB3A-4AB9-4279-8160-BB7004373129}
	EndProjectSection
EndProject
Project("{FAE04EC0-301F-11D3-BF4B-00C04F79EFBC}") = "StateProcessorService", "StateProcessorService\StateProcessorService.csproj", "{39B6E54D-BA52-40E1-AD98-C7B69813799F}"
	ProjectSection(ProjectDependencies) = postProject
		{18F7DB3A-4AB9-4279-8160-BB7004373129} = {18F7DB3A-4AB9-4279-8160-BB7004373129}
	EndProjectSection
EndProject
Project("{FAE04EC0-301F-11D3-BF4B-00C04F79EFBC}") = "DeviceRepository", "DeviceRepository\DeviceRepository.csproj", "{42CA8E4E-4488-4E3F-9A4A-CF8BD2E262F1}"
EndProject
Project("{FAE04EC0-301F-11D3-BF4B-00C04F79EFBC}") = "DeviceRepository.Interfaces", "DeviceRepository.Interfaces\DeviceRepository.Interfaces.csproj", "{DFD18739-57CE-4786-8F69-EAE4765BE373}"
EndProject
Project("{FAE04EC0-301F-11D3-BF4B-00C04F79EFBC}") = "ActorTestConsoleApplication", "ActorTestConsoleApplication\ActorTestConsoleApplication.csproj", "{4F7F2FDF-F42F-474B-A0E2-CBBC9CF2AFB9}"
EndProject
Project("{FAE04EC0-301F-11D3-BF4B-00C04F79EFBC}") = "CommunicationProviders", "CommunicationProviders\CommunicationProviders.csproj", "{091B2A18-AB32-44C6-ACDB-E15CF2A2E846}"
EndProject
Project("{FAE04EC0-301F-11D3-BF4B-00C04F79EFBC}") = "CommunicationProviderService", "CommunicationProviderService\CommunicationProviderService.csproj", "{18F7DB3A-4AB9-4279-8160-BB7004373129}"
EndProject
Project("{FAE04EC0-301F-11D3-BF4B-00C04F79EFBC}") = "DeviceRichState", "DeviceRichState\DeviceRichState.csproj", "{6E768642-EFC3-4A83-B497-2D6D149A1D4A}"
EndProject
Project("{FAE04EC0-301F-11D3-BF4B-00C04F79EFBC}") = "IoTHubFeedbackService", "IoTHubFeedbackService\IoTHubFeedbackService.csproj", "{6750D66C-BC4B-4486-893A-9BADF98AD316}"
EndProject
Project("{FAE04EC0-301F-11D3-BF4B-00C04F79EFBC}") = "ServiceFabricUtilities", "ServiceFabricUtilities\ServiceFabricUtilities.csproj", "{6BAEF91B-89E4-4514-9646-3F76C9367844}"
EndProject
Project("{FAE04EC0-301F-11D3-BF4B-00C04F79EFBC}") = "StorageProviders", "StorageProviders\StorageProviders.csproj", "{7266121C-8F5C-42B1-9A40-F5D9763F6008}"
EndProject
Project("{FAE04EC0-301F-11D3-BF4B-00C04F79EFBC}") = "StorageProviderService", "StorageProviderService\StorageProviderService.csproj", "{CDC75CB3-9E6D-409E-8FBC-20FB0CF459B5}"
EndProject
Global
	GlobalSection(SolutionConfigurationPlatforms) = preSolution
		Debug|Any CPU = Debug|Any CPU
		Debug|x64 = Debug|x64
		Release|Any CPU = Release|Any CPU
		Release|x64 = Release|x64
	EndGlobalSection
	GlobalSection(ProjectConfigurationPlatforms) = postSolution
		{2C5B36CA-FB8B-4BD9-B88D-A3F842D002BA}.Debug|Any CPU.ActiveCfg = Debug|x64
		{2C5B36CA-FB8B-4BD9-B88D-A3F842D002BA}.Debug|Any CPU.Build.0 = Debug|x64
		{2C5B36CA-FB8B-4BD9-B88D-A3F842D002BA}.Debug|Any CPU.Deploy.0 = Debug|x64
		{2C5B36CA-FB8B-4BD9-B88D-A3F842D002BA}.Debug|x64.ActiveCfg = Debug|x64
		{2C5B36CA-FB8B-4BD9-B88D-A3F842D002BA}.Debug|x64.Build.0 = Debug|x64
		{2C5B36CA-FB8B-4BD9-B88D-A3F842D002BA}.Debug|x64.Deploy.0 = Debug|x64
		{2C5B36CA-FB8B-4BD9-B88D-A3F842D002BA}.Release|Any CPU.ActiveCfg = Release|x64
		{2C5B36CA-FB8B-4BD9-B88D-A3F842D002BA}.Release|x64.ActiveCfg = Release|x64
		{2C5B36CA-FB8B-4BD9-B88D-A3F842D002BA}.Release|x64.Build.0 = Release|x64
		{2C5B36CA-FB8B-4BD9-B88D-A3F842D002BA}.Release|x64.Deploy.0 = Release|x64
		{064DE854-AC34-40A5-907B-7F6560E017F7}.Debug|Any CPU.ActiveCfg = Debug|x64
		{064DE854-AC34-40A5-907B-7F6560E017F7}.Debug|Any CPU.Build.0 = Debug|x64
		{064DE854-AC34-40A5-907B-7F6560E017F7}.Debug|x64.ActiveCfg = Debug|x64
		{064DE854-AC34-40A5-907B-7F6560E017F7}.Debug|x64.Build.0 = Debug|x64
		{064DE854-AC34-40A5-907B-7F6560E017F7}.Release|Any CPU.ActiveCfg = Release|x64
		{064DE854-AC34-40A5-907B-7F6560E017F7}.Release|x64.ActiveCfg = Release|x64
		{064DE854-AC34-40A5-907B-7F6560E017F7}.Release|x64.Build.0 = Release|x64
		{39B6E54D-BA52-40E1-AD98-C7B69813799F}.Debug|Any CPU.ActiveCfg = Debug|x64
		{39B6E54D-BA52-40E1-AD98-C7B69813799F}.Debug|Any CPU.Build.0 = Debug|x64
		{39B6E54D-BA52-40E1-AD98-C7B69813799F}.Debug|x64.ActiveCfg = Debug|x64
		{39B6E54D-BA52-40E1-AD98-C7B69813799F}.Debug|x64.Build.0 = Debug|x64
		{39B6E54D-BA52-40E1-AD98-C7B69813799F}.Release|Any CPU.ActiveCfg = Release|x64
		{39B6E54D-BA52-40E1-AD98-C7B69813799F}.Release|x64.ActiveCfg = Release|x64
		{39B6E54D-BA52-40E1-AD98-C7B69813799F}.Release|x64.Build.0 = Release|x64
		{42CA8E4E-4488-4E3F-9A4A-CF8BD2E262F1}.Debug|Any CPU.ActiveCfg = Debug|x64
		{42CA8E4E-4488-4E3F-9A4A-CF8BD2E262F1}.Debug|Any CPU.Build.0 = Debug|x64
		{42CA8E4E-4488-4E3F-9A4A-CF8BD2E262F1}.Debug|x64.ActiveCfg = Debug|x64
		{42CA8E4E-4488-4E3F-9A4A-CF8BD2E262F1}.Debug|x64.Build.0 = Debug|x64
		{42CA8E4E-4488-4E3F-9A4A-CF8BD2E262F1}.Release|Any CPU.ActiveCfg = Release|x64
		{42CA8E4E-4488-4E3F-9A4A-CF8BD2E262F1}.Release|x64.ActiveCfg = Release|x64
		{42CA8E4E-4488-4E3F-9A4A-CF8BD2E262F1}.Release|x64.Build.0 = Release|x64
		{DFD18739-57CE-4786-8F69-EAE4765BE373}.Debug|Any CPU.ActiveCfg = Debug|x64
		{DFD18739-57CE-4786-8F69-EAE4765BE373}.Debug|Any CPU.Build.0 = Debug|x64
		{DFD18739-57CE-4786-8F69-EAE4765BE373}.Debug|x64.ActiveCfg = Debug|x64
		{DFD18739-57CE-4786-8F69-EAE4765BE373}.Debug|x64.Build.0 = Debug|x64
		{DFD18739-57CE-4786-8F69-EAE4765BE373}.Release|Any CPU.ActiveCfg = Release|x64
		{DFD18739-57CE-4786-8F69-EAE4765BE373}.Release|x64.ActiveCfg = Release|x64
		{DFD18739-57CE-4786-8F69-EAE4765BE373}.Release|x64.Build.0 = Release|x64
		{4F7F2FDF-F42F-474B-A0E2-CBBC9CF2AFB9}.Debug|Any CPU.ActiveCfg = Debug|Any CPU
		{4F7F2FDF-F42F-474B-A0E2-CBBC9CF2AFB9}.Debug|Any CPU.Build.0 = Debug|Any CPU
		{4F7F2FDF-F42F-474B-A0E2-CBBC9CF2AFB9}.Debug|x64.ActiveCfg = Debug|Any CPU
		{4F7F2FDF-F42F-474B-A0E2-CBBC9CF2AFB9}.Debug|x64.Build.0 = Debug|Any CPU
		{4F7F2FDF-F42F-474B-A0E2-CBBC9CF2AFB9}.Release|Any CPU.ActiveCfg = Release|Any CPU
		{4F7F2FDF-F42F-474B-A0E2-CBBC9CF2AFB9}.Release|Any CPU.Build.0 = Release|Any CPU
		{4F7F2FDF-F42F-474B-A0E2-CBBC9CF2AFB9}.Release|x64.ActiveCfg = Release|Any CPU
		{4F7F2FDF-F42F-474B-A0E2-CBBC9CF2AFB9}.Release|x64.Build.0 = Release|Any CPU
		{091B2A18-AB32-44C6-ACDB-E15CF2A2E846}.Debug|Any CPU.ActiveCfg = Debug|Any CPU
		{091B2A18-AB32-44C6-ACDB-E15CF2A2E846}.Debug|Any CPU.Build.0 = Debug|Any CPU
		{091B2A18-AB32-44C6-ACDB-E15CF2A2E846}.Debug|x64.ActiveCfg = Debug|Any CPU
		{091B2A18-AB32-44C6-ACDB-E15CF2A2E846}.Debug|x64.Build.0 = Debug|Any CPU
		{091B2A18-AB32-44C6-ACDB-E15CF2A2E846}.Release|Any CPU.ActiveCfg = Release|Any CPU
		{091B2A18-AB32-44C6-ACDB-E15CF2A2E846}.Release|Any CPU.Build.0 = Release|Any CPU
		{091B2A18-AB32-44C6-ACDB-E15CF2A2E846}.Release|x64.ActiveCfg = Release|Any CPU
		{091B2A18-AB32-44C6-ACDB-E15CF2A2E846}.Release|x64.Build.0 = Release|Any CPU
		{18F7DB3A-4AB9-4279-8160-BB7004373129}.Debug|Any CPU.ActiveCfg = Debug|x64
		{18F7DB3A-4AB9-4279-8160-BB7004373129}.Debug|Any CPU.Build.0 = Debug|x64
		{18F7DB3A-4AB9-4279-8160-BB7004373129}.Debug|x64.ActiveCfg = Debug|x64
		{18F7DB3A-4AB9-4279-8160-BB7004373129}.Debug|x64.Build.0 = Debug|x64
		{18F7DB3A-4AB9-4279-8160-BB7004373129}.Release|Any CPU.ActiveCfg = Release|x64
		{18F7DB3A-4AB9-4279-8160-BB7004373129}.Release|x64.ActiveCfg = Release|x64
		{18F7DB3A-4AB9-4279-8160-BB7004373129}.Release|x64.Build.0 = Release|x64
		{6E768642-EFC3-4A83-B497-2D6D149A1D4A}.Debug|Any CPU.ActiveCfg = Debug|Any CPU
		{6E768642-EFC3-4A83-B497-2D6D149A1D4A}.Debug|Any CPU.Build.0 = Debug|Any CPU
		{6E768642-EFC3-4A83-B497-2D6D149A1D4A}.Debug|x64.ActiveCfg = Debug|Any CPU
		{6E768642-EFC3-4A83-B497-2D6D149A1D4A}.Debug|x64.Build.0 = Debug|Any CPU
		{6E768642-EFC3-4A83-B497-2D6D149A1D4A}.Release|Any CPU.ActiveCfg = Release|Any CPU
		{6E768642-EFC3-4A83-B497-2D6D149A1D4A}.Release|Any CPU.Build.0 = Release|Any CPU
		{6E768642-EFC3-4A83-B497-2D6D149A1D4A}.Release|x64.ActiveCfg = Release|Any CPU
		{6E768642-EFC3-4A83-B497-2D6D149A1D4A}.Release|x64.Build.0 = Release|Any CPU
		{6750D66C-BC4B-4486-893A-9BADF98AD316}.Debug|Any CPU.ActiveCfg = Debug|x64
		{6750D66C-BC4B-4486-893A-9BADF98AD316}.Debug|Any CPU.Build.0 = Debug|x64
		{6750D66C-BC4B-4486-893A-9BADF98AD316}.Debug|x64.ActiveCfg = Debug|x64
		{6750D66C-BC4B-4486-893A-9BADF98AD316}.Debug|x64.Build.0 = Debug|x64
		{6750D66C-BC4B-4486-893A-9BADF98AD316}.Release|Any CPU.ActiveCfg = Release|x64
		{6750D66C-BC4B-4486-893A-9BADF98AD316}.Release|x64.ActiveCfg = Release|x64
		{6750D66C-BC4B-4486-893A-9BADF98AD316}.Release|x64.Build.0 = Release|x64
		{6BAEF91B-89E4-4514-9646-3F76C9367844}.Debug|Any CPU.ActiveCfg = Debug|x64
		{6BAEF91B-89E4-4514-9646-3F76C9367844}.Debug|Any CPU.Build.0 = Debug|x64
		{6BAEF91B-89E4-4514-9646-3F76C9367844}.Debug|x64.ActiveCfg = Debug|Any CPU
		{6BAEF91B-89E4-4514-9646-3F76C9367844}.Debug|x64.Build.0 = Debug|Any CPU
		{6BAEF91B-89E4-4514-9646-3F76C9367844}.Release|Any CPU.ActiveCfg = Release|Any CPU
		{6BAEF91B-89E4-4514-9646-3F76C9367844}.Release|Any CPU.Build.0 = Release|Any CPU
		{6BAEF91B-89E4-4514-9646-3F76C9367844}.Release|x64.ActiveCfg = Release|Any CPU
		{6BAEF91B-89E4-4514-9646-3F76C9367844}.Release|x64.Build.0 = Release|Any CPU
		{7266121C-8F5C-42B1-9A40-F5D9763F6008}.Debug|Any CPU.ActiveCfg = Debug|Any CPU
		{7266121C-8F5C-42B1-9A40-F5D9763F6008}.Debug|Any CPU.Build.0 = Debug|Any CPU
		{7266121C-8F5C-42B1-9A40-F5D9763F6008}.Debug|x64.ActiveCfg = Debug|Any CPU
		{7266121C-8F5C-42B1-9A40-F5D9763F6008}.Debug|x64.Build.0 = Debug|Any CPU
		{7266121C-8F5C-42B1-9A40-F5D9763F6008}.Release|Any CPU.ActiveCfg = Release|Any CPU
		{7266121C-8F5C-42B1-9A40-F5D9763F6008}.Release|Any CPU.Build.0 = Release|Any CPU
		{7266121C-8F5C-42B1-9A40-F5D9763F6008}.Release|x64.ActiveCfg = Release|Any CPU
		{7266121C-8F5C-42B1-9A40-F5D9763F6008}.Release|x64.Build.0 = Release|Any CPU
		{CDC75CB3-9E6D-409E-8FBC-20FB0CF459B5}.Debug|Any CPU.ActiveCfg = Debug|x64
		{CDC75CB3-9E6D-409E-8FBC-20FB0CF459B5}.Debug|Any CPU.Build.0 = Debug|x64
		{CDC75CB3-9E6D-409E-8FBC-20FB0CF459B5}.Debug|x64.ActiveCfg = Debug|x64
		{CDC75CB3-9E6D-409E-8FBC-20FB0CF459B5}.Debug|x64.Build.0 = Debug|x64
		{CDC75CB3-9E6D-409E-8FBC-20FB0CF459B5}.Release|Any CPU.ActiveCfg = Release|x64
		{CDC75CB3-9E6D-409E-8FBC-20FB0CF459B5}.Release|x64.ActiveCfg = Release|x64
		{CDC75CB3-9E6D-409E-8FBC-20FB0CF459B5}.Release|x64.Build.0 = Release|x64
	EndGlobalSection
	GlobalSection(SolutionProperties) = preSolution
		HideSolutionNode = FALSE
	EndGlobalSection
EndGlobal
